
Microsoft Visual Studio Solution File, Format Version 12.00
# Visual Studio 15
VisualStudioVersion = 15.0.28307.1062
MinimumVisualStudioVersion = 10.0.40219.1
Project("{FAE04EC0-301F-11D3-BF4B-00C04F79EFBC}") = "Carimbo", "Carimbo.csproj", "{6373482C-3481-4587-9F51-21355C9C2270}"
EndProject
Global
	GlobalSection(SolutionConfigurationPlatforms) = preSolution
		Debug|Any CPU = Debug|Any CPU
		Release|Any CPU = Release|Any CPU
	EndGlobalSection
	GlobalSection(ProjectConfigurationPlatforms) = postSolution
		{6373482C-3481-4587-9F51-21355C9C2270}.Debug|Any CPU.ActiveCfg = Debug|Any CPU
		{6373482C-3481-4587-9F51-21355C9C2270}.Debug|Any CPU.Build.0 = Debug|Any CPU
		{6373482C-3481-4587-9F51-21355C9C2270}.Release|Any CPU.ActiveCfg = Release|Any CPU
		{6373482C-3481-4587-9F51-21355C9C2270}.Release|Any CPU.Build.0 = Release|Any CPU
	EndGlobalSection
	GlobalSection(SolutionProperties) = preSolution
		HideSolutionNode = FALSE
	EndGlobalSection
	GlobalSection(ExtensibilityGlobals) = postSolution
		SolutionGuid = {A62B8235-DD49-4076-AE67-EAE9A4044D37}
	EndGlobalSection
EndGlobal
